
Microsoft Visual Studio Solution File, Format Version 12.00
# Visual Studio Version 16
VisualStudioVersion = 16.0.28922.388
MinimumVisualStudioVersion = 10.0.40219.1
Project("{9A19103F-16F7-4668-BE54-9A1E7A4F7556}") = "BepuPhysics2Helper", "BepuPhysics2Helper\BepuPhysics2Helper.csproj", "{C7615824-16A9-407E-971C-941C171D330F}"
EndProject
Project("{9A19103F-16F7-4668-BE54-9A1E7A4F7556}") = "BepuPhysics2Helper.Tests", "BepuPhysics2Helper.Tests\BepuPhysics2Helper.Tests.csproj", "{E69E77CD-9318-4DA6-AA02-AC3A627BE6C1}"
EndProject
Project("{9A19103F-16F7-4668-BE54-9A1E7A4F7556}") = "BepuPhysics", "..\..\mol\bepuphysics2\BepuPhysics\BepuPhysics.csproj", "{EAB56B05-3452-463B-8F6D-2FC3C8751D0C}"
EndProject
Project("{9A19103F-16F7-4668-BE54-9A1E7A4F7556}") = "BepuUtilities", "..\..\mol\bepuphysics2\BepuUtilities\BepuUtilities.csproj", "{ECBAF61E-D389-4BFE-B7B9-AABAF94AC1DA}"
EndProject
Project("{9A19103F-16F7-4668-BE54-9A1E7A4F7556}") = "DemoContentBuilder", "..\..\mol\bepuphysics2\DemoContentBuilder\DemoContentBuilder.csproj", "{40318DAD-E770-407A-A0A6-2C1BCEAC4272}"
EndProject
Project("{9A19103F-16F7-4668-BE54-9A1E7A4F7556}") = "DemoContentLoader", "..\..\mol\bepuphysics2\DemoContentLoader\DemoContentLoader.csproj", "{B4B4E6BE-A991-4A78-8207-C0CBB0D4CE09}"
EndProject
Project("{9A19103F-16F7-4668-BE54-9A1E7A4F7556}") = "DemoUtilities", "..\..\mol\bepuphysics2\DemoUtilities\DemoUtilities.csproj", "{400634CF-DE5F-4733-9B0C-5064378B885D}"
EndProject
Project("{9A19103F-16F7-4668-BE54-9A1E7A4F7556}") = "DemoRenderer", "..\..\mol\bepuphysics2\DemoRenderer\DemoRenderer.csproj", "{89BA968F-36DB-4695-999D-13C5D70A4BAC}"
EndProject
Global
	GlobalSection(SolutionConfigurationPlatforms) = preSolution
		Debug|Any CPU = Debug|Any CPU
		Debug|x64 = Debug|x64
		Debug|x86 = Debug|x86
		Release|Any CPU = Release|Any CPU
		Release|x64 = Release|x64
		Release|x86 = Release|x86
		ReleaseStrip|Any CPU = ReleaseStrip|Any CPU
		ReleaseStrip|x64 = ReleaseStrip|x64
		ReleaseStrip|x86 = ReleaseStrip|x86
		ReleaseStripNoProfiling|Any CPU = ReleaseStripNoProfiling|Any CPU
		ReleaseStripNoProfiling|x64 = ReleaseStripNoProfiling|x64
		ReleaseStripNoProfiling|x86 = ReleaseStripNoProfiling|x86
	EndGlobalSection
	GlobalSection(ProjectConfigurationPlatforms) = postSolution
		{C7615824-16A9-407E-971C-941C171D330F}.Debug|Any CPU.ActiveCfg = Debug|Any CPU
		{C7615824-16A9-407E-971C-941C171D330F}.Debug|Any CPU.Build.0 = Debug|Any CPU
		{C7615824-16A9-407E-971C-941C171D330F}.Debug|x64.ActiveCfg = Debug|Any CPU
		{C7615824-16A9-407E-971C-941C171D330F}.Debug|x64.Build.0 = Debug|Any CPU
		{C7615824-16A9-407E-971C-941C171D330F}.Debug|x86.ActiveCfg = Debug|Any CPU
		{C7615824-16A9-407E-971C-941C171D330F}.Debug|x86.Build.0 = Debug|Any CPU
		{C7615824-16A9-407E-971C-941C171D330F}.Release|Any CPU.ActiveCfg = Release|Any CPU
		{C7615824-16A9-407E-971C-941C171D330F}.Release|Any CPU.Build.0 = Release|Any CPU
		{C7615824-16A9-407E-971C-941C171D330F}.Release|x64.ActiveCfg = Release|Any CPU
		{C7615824-16A9-407E-971C-941C171D330F}.Release|x64.Build.0 = Release|Any CPU
		{C7615824-16A9-407E-971C-941C171D330F}.Release|x86.ActiveCfg = Release|Any CPU
		{C7615824-16A9-407E-971C-941C171D330F}.Release|x86.Build.0 = Release|Any CPU
		{C7615824-16A9-407E-971C-941C171D330F}.ReleaseStrip|Any CPU.ActiveCfg = Release|Any CPU
		{C7615824-16A9-407E-971C-941C171D330F}.ReleaseStrip|Any CPU.Build.0 = Release|Any CPU
		{C7615824-16A9-407E-971C-941C171D330F}.ReleaseStrip|x64.ActiveCfg = Release|Any CPU
		{C7615824-16A9-407E-971C-941C171D330F}.ReleaseStrip|x64.Build.0 = Release|Any CPU
		{C7615824-16A9-407E-971C-941C171D330F}.ReleaseStrip|x86.ActiveCfg = Release|Any CPU
		{C7615824-16A9-407E-971C-941C171D330F}.ReleaseStrip|x86.Build.0 = Release|Any CPU
		{C7615824-16A9-407E-971C-941C171D330F}.ReleaseStripNoProfiling|Any CPU.ActiveCfg = Release|Any CPU
		{C7615824-16A9-407E-971C-941C171D330F}.ReleaseStripNoProfiling|Any CPU.Build.0 = Release|Any CPU
		{C7615824-16A9-407E-971C-941C171D330F}.ReleaseStripNoProfiling|x64.ActiveCfg = Release|Any CPU
		{C7615824-16A9-407E-971C-941C171D330F}.ReleaseStripNoProfiling|x64.Build.0 = Release|Any CPU
		{C7615824-16A9-407E-971C-941C171D330F}.ReleaseStripNoProfiling|x86.ActiveCfg = Release|Any CPU
		{C7615824-16A9-407E-971C-941C171D330F}.ReleaseStripNoProfiling|x86.Build.0 = Release|Any CPU
		{E69E77CD-9318-4DA6-AA02-AC3A627BE6C1}.Debug|Any CPU.ActiveCfg = Debug|Any CPU
		{E69E77CD-9318-4DA6-AA02-AC3A627BE6C1}.Debug|Any CPU.Build.0 = Debug|Any CPU
		{E69E77CD-9318-4DA6-AA02-AC3A627BE6C1}.Debug|x64.ActiveCfg = Debug|Any CPU
		{E69E77CD-9318-4DA6-AA02-AC3A627BE6C1}.Debug|x64.Build.0 = Debug|Any CPU
		{E69E77CD-9318-4DA6-AA02-AC3A627BE6C1}.Debug|x86.ActiveCfg = Debug|Any CPU
		{E69E77CD-9318-4DA6-AA02-AC3A627BE6C1}.Debug|x86.Build.0 = Debug|Any CPU
		{E69E77CD-9318-4DA6-AA02-AC3A627BE6C1}.Release|Any CPU.ActiveCfg = Release|Any CPU
		{E69E77CD-9318-4DA6-AA02-AC3A627BE6C1}.Release|Any CPU.Build.0 = Release|Any CPU
		{E69E77CD-9318-4DA6-AA02-AC3A627BE6C1}.Release|x64.ActiveCfg = Release|Any CPU
		{E69E77CD-9318-4DA6-AA02-AC3A627BE6C1}.Release|x64.Build.0 = Release|Any CPU
		{E69E77CD-9318-4DA6-AA02-AC3A627BE6C1}.Release|x86.ActiveCfg = Release|Any CPU
		{E69E77CD-9318-4DA6-AA02-AC3A627BE6C1}.Release|x86.Build.0 = Release|Any CPU
		{E69E77CD-9318-4DA6-AA02-AC3A627BE6C1}.ReleaseStrip|Any CPU.ActiveCfg = Release|Any CPU
		{E69E77CD-9318-4DA6-AA02-AC3A627BE6C1}.ReleaseStrip|Any CPU.Build.0 = Release|Any CPU
		{E69E77CD-9318-4DA6-AA02-AC3A627BE6C1}.ReleaseStrip|x64.ActiveCfg = Release|Any CPU
		{E69E77CD-9318-4DA6-AA02-AC3A627BE6C1}.ReleaseStrip|x64.Build.0 = Release|Any CPU
		{E69E77CD-9318-4DA6-AA02-AC3A627BE6C1}.ReleaseStrip|x86.ActiveCfg = Release|Any CPU
		{E69E77CD-9318-4DA6-AA02-AC3A627BE6C1}.ReleaseStrip|x86.Build.0 = Release|Any CPU
		{E69E77CD-9318-4DA6-AA02-AC3A627BE6C1}.ReleaseStripNoProfiling|Any CPU.ActiveCfg = Release|Any CPU
		{E69E77CD-9318-4DA6-AA02-AC3A627BE6C1}.ReleaseStripNoProfiling|Any CPU.Build.0 = Release|Any CPU
		{E69E77CD-9318-4DA6-AA02-AC3A627BE6C1}.ReleaseStripNoProfiling|x64.ActiveCfg = Release|Any CPU
		{E69E77CD-9318-4DA6-AA02-AC3A627BE6C1}.ReleaseStripNoProfiling|x64.Build.0 = Release|Any CPU
		{E69E77CD-9318-4DA6-AA02-AC3A627BE6C1}.ReleaseStripNoProfiling|x86.ActiveCfg = Release|Any CPU
		{E69E77CD-9318-4DA6-AA02-AC3A627BE6C1}.ReleaseStripNoProfiling|x86.Build.0 = Release|Any CPU
		{EAB56B05-3452-463B-8F6D-2FC3C8751D0C}.Debug|Any CPU.ActiveCfg = Debug|Any CPU
		{EAB56B05-3452-463B-8F6D-2FC3C8751D0C}.Debug|Any CPU.Build.0 = Debug|Any CPU
		{EAB56B05-3452-463B-8F6D-2FC3C8751D0C}.Debug|x64.ActiveCfg = Debug|Any CPU
		{EAB56B05-3452-463B-8F6D-2FC3C8751D0C}.Debug|x64.Build.0 = Debug|Any CPU
		{EAB56B05-3452-463B-8F6D-2FC3C8751D0C}.Debug|x86.ActiveCfg = Debug|Any CPU
		{EAB56B05-3452-463B-8F6D-2FC3C8751D0C}.Debug|x86.Build.0 = Debug|Any CPU
		{EAB56B05-3452-463B-8F6D-2FC3C8751D0C}.Release|Any CPU.ActiveCfg = Release|Any CPU
		{EAB56B05-3452-463B-8F6D-2FC3C8751D0C}.Release|Any CPU.Build.0 = Release|Any CPU
		{EAB56B05-3452-463B-8F6D-2FC3C8751D0C}.Release|x64.ActiveCfg = Release|Any CPU
		{EAB56B05-3452-463B-8F6D-2FC3C8751D0C}.Release|x64.Build.0 = Release|Any CPU
		{EAB56B05-3452-463B-8F6D-2FC3C8751D0C}.Release|x86.ActiveCfg = Release|Any CPU
		{EAB56B05-3452-463B-8F6D-2FC3C8751D0C}.Release|x86.Build.0 = Release|Any CPU
		{EAB56B05-3452-463B-8F6D-2FC3C8751D0C}.ReleaseStrip|Any CPU.ActiveCfg = ReleaseStrip|Any CPU
		{EAB56B05-3452-463B-8F6D-2FC3C8751D0C}.ReleaseStrip|Any CPU.Build.0 = ReleaseStrip|Any CPU
		{EAB56B05-3452-463B-8F6D-2FC3C8751D0C}.ReleaseStrip|x64.ActiveCfg = ReleaseStrip|Any CPU
		{EAB56B05-3452-463B-8F6D-2FC3C8751D0C}.ReleaseStrip|x64.Build.0 = ReleaseStrip|Any CPU
		{EAB56B05-3452-463B-8F6D-2FC3C8751D0C}.ReleaseStrip|x86.ActiveCfg = ReleaseStrip|Any CPU
		{EAB56B05-3452-463B-8F6D-2FC3C8751D0C}.ReleaseStrip|x86.Build.0 = ReleaseStrip|Any CPU
		{EAB56B05-3452-463B-8F6D-2FC3C8751D0C}.ReleaseStripNoProfiling|Any CPU.ActiveCfg = ReleaseStripNoProfiling|Any CPU
		{EAB56B05-3452-463B-8F6D-2FC3C8751D0C}.ReleaseStripNoProfiling|Any CPU.Build.0 = ReleaseStripNoProfiling|Any CPU
		{EAB56B05-3452-463B-8F6D-2FC3C8751D0C}.ReleaseStripNoProfiling|x64.ActiveCfg = ReleaseStripNoProfiling|Any CPU
		{EAB56B05-3452-463B-8F6D-2FC3C8751D0C}.ReleaseStripNoProfiling|x64.Build.0 = ReleaseStripNoProfiling|Any CPU
		{EAB56B05-3452-463B-8F6D-2FC3C8751D0C}.ReleaseStripNoProfiling|x86.ActiveCfg = ReleaseStripNoProfiling|Any CPU
		{EAB56B05-3452-463B-8F6D-2FC3C8751D0C}.ReleaseStripNoProfiling|x86.Build.0 = ReleaseStripNoProfiling|Any CPU
		{ECBAF61E-D389-4BFE-B7B9-AABAF94AC1DA}.Debug|Any CPU.ActiveCfg = Debug|Any CPU
		{ECBAF61E-D389-4BFE-B7B9-AABAF94AC1DA}.Debug|Any CPU.Build.0 = Debug|Any CPU
		{ECBAF61E-D389-4BFE-B7B9-AABAF94AC1DA}.Debug|x64.ActiveCfg = Debug|Any CPU
		{ECBAF61E-D389-4BFE-B7B9-AABAF94AC1DA}.Debug|x64.Build.0 = Debug|Any CPU
		{ECBAF61E-D389-4BFE-B7B9-AABAF94AC1DA}.Debug|x86.ActiveCfg = Debug|Any CPU
		{ECBAF61E-D389-4BFE-B7B9-AABAF94AC1DA}.Debug|x86.Build.0 = Debug|Any CPU
		{ECBAF61E-D389-4BFE-B7B9-AABAF94AC1DA}.Release|Any CPU.ActiveCfg = Release|Any CPU
		{ECBAF61E-D389-4BFE-B7B9-AABAF94AC1DA}.Release|Any CPU.Build.0 = Release|Any CPU
		{ECBAF61E-D389-4BFE-B7B9-AABAF94AC1DA}.Release|x64.ActiveCfg = Release|Any CPU
		{ECBAF61E-D389-4BFE-B7B9-AABAF94AC1DA}.Release|x64.Build.0 = Release|Any CPU
		{ECBAF61E-D389-4BFE-B7B9-AABAF94AC1DA}.Release|x86.ActiveCfg = Release|Any CPU
		{ECBAF61E-D389-4BFE-B7B9-AABAF94AC1DA}.Release|x86.Build.0 = Release|Any CPU
		{ECBAF61E-D389-4BFE-B7B9-AABAF94AC1DA}.ReleaseStrip|Any CPU.ActiveCfg = ReleaseStrip|Any CPU
		{ECBAF61E-D389-4BFE-B7B9-AABAF94AC1DA}.ReleaseStrip|Any CPU.Build.0 = ReleaseStrip|Any CPU
		{ECBAF61E-D389-4BFE-B7B9-AABAF94AC1DA}.ReleaseStrip|x64.ActiveCfg = ReleaseStrip|Any CPU
		{ECBAF61E-D389-4BFE-B7B9-AABAF94AC1DA}.ReleaseStrip|x64.Build.0 = ReleaseStrip|Any CPU
		{ECBAF61E-D389-4BFE-B7B9-AABAF94AC1DA}.ReleaseStrip|x86.ActiveCfg = ReleaseStrip|Any CPU
		{ECBAF61E-D389-4BFE-B7B9-AABAF94AC1DA}.ReleaseStrip|x86.Build.0 = ReleaseStrip|Any CPU
		{ECBAF61E-D389-4BFE-B7B9-AABAF94AC1DA}.ReleaseStripNoProfiling|Any CPU.ActiveCfg = ReleaseStrip|Any CPU
		{ECBAF61E-D389-4BFE-B7B9-AABAF94AC1DA}.ReleaseStripNoProfiling|Any CPU.Build.0 = ReleaseStrip|Any CPU
		{ECBAF61E-D389-4BFE-B7B9-AABAF94AC1DA}.ReleaseStripNoProfiling|x64.ActiveCfg = ReleaseStrip|Any CPU
		{ECBAF61E-D389-4BFE-B7B9-AABAF94AC1DA}.ReleaseStripNoProfiling|x64.Build.0 = ReleaseStrip|Any CPU
		{ECBAF61E-D389-4BFE-B7B9-AABAF94AC1DA}.ReleaseStripNoProfiling|x86.ActiveCfg = ReleaseStrip|Any CPU
		{ECBAF61E-D389-4BFE-B7B9-AABAF94AC1DA}.ReleaseStripNoProfiling|x86.Build.0 = ReleaseStrip|Any CPU
		{40318DAD-E770-407A-A0A6-2C1BCEAC4272}.Debug|Any CPU.ActiveCfg = Debug|Any CPU
		{40318DAD-E770-407A-A0A6-2C1BCEAC4272}.Debug|Any CPU.Build.0 = Debug|Any CPU
		{40318DAD-E770-407A-A0A6-2C1BCEAC4272}.Debug|x64.ActiveCfg = Debug|x64
		{40318DAD-E770-407A-A0A6-2C1BCEAC4272}.Debug|x64.Build.0 = Debug|x64
		{40318DAD-E770-407A-A0A6-2C1BCEAC4272}.Debug|x86.ActiveCfg = Debug|x86
		{40318DAD-E770-407A-A0A6-2C1BCEAC4272}.Debug|x86.Build.0 = Debug|x86
		{40318DAD-E770-407A-A0A6-2C1BCEAC4272}.Release|Any CPU.ActiveCfg = Release|Any CPU
		{40318DAD-E770-407A-A0A6-2C1BCEAC4272}.Release|Any CPU.Build.0 = Release|Any CPU
		{40318DAD-E770-407A-A0A6-2C1BCEAC4272}.Release|x64.ActiveCfg = Release|x64
		{40318DAD-E770-407A-A0A6-2C1BCEAC4272}.Release|x64.Build.0 = Release|x64
		{40318DAD-E770-407A-A0A6-2C1BCEAC4272}.Release|x86.ActiveCfg = Release|x86
		{40318DAD-E770-407A-A0A6-2C1BCEAC4272}.Release|x86.Build.0 = Release|x86
		{40318DAD-E770-407A-A0A6-2C1BCEAC4272}.ReleaseStrip|Any CPU.ActiveCfg = Release|Any CPU
		{40318DAD-E770-407A-A0A6-2C1BCEAC4272}.ReleaseStrip|Any CPU.Build.0 = Release|Any CPU
		{40318DAD-E770-407A-A0A6-2C1BCEAC4272}.ReleaseStrip|x64.ActiveCfg = Release|x64
		{40318DAD-E770-407A-A0A6-2C1BCEAC4272}.ReleaseStrip|x64.Build.0 = Release|x64
		{40318DAD-E770-407A-A0A6-2C1BCEAC4272}.ReleaseStrip|x86.ActiveCfg = Release|x86
		{40318DAD-E770-407A-A0A6-2C1BCEAC4272}.ReleaseStrip|x86.Build.0 = Release|x86
		{40318DAD-E770-407A-A0A6-2C1BCEAC4272}.ReleaseStripNoProfiling|Any CPU.ActiveCfg = Release|Any CPU
		{40318DAD-E770-407A-A0A6-2C1BCEAC4272}.ReleaseStripNoProfiling|Any CPU.Build.0 = Release|Any CPU
		{40318DAD-E770-407A-A0A6-2C1BCEAC4272}.ReleaseStripNoProfiling|x64.ActiveCfg = Release|x64
		{40318DAD-E770-407A-A0A6-2C1BCEAC4272}.ReleaseStripNoProfiling|x64.Build.0 = Release|x64
		{40318DAD-E770-407A-A0A6-2C1BCEAC4272}.ReleaseStripNoProfiling|x86.ActiveCfg = Release|x86
		{40318DAD-E770-407A-A0A6-2C1BCEAC4272}.ReleaseStripNoProfiling|x86.Build.0 = Release|x86
		{B4B4E6BE-A991-4A78-8207-C0CBB0D4CE09}.Debug|Any CPU.ActiveCfg = Debug|Any CPU
		{B4B4E6BE-A991-4A78-8207-C0CBB0D4CE09}.Debug|Any CPU.Build.0 = Debug|Any CPU
		{B4B4E6BE-A991-4A78-8207-C0CBB0D4CE09}.Debug|x64.ActiveCfg = Debug|Any CPU
		{B4B4E6BE-A991-4A78-8207-C0CBB0D4CE09}.Debug|x64.Build.0 = Debug|Any CPU
		{B4B4E6BE-A991-4A78-8207-C0CBB0D4CE09}.Debug|x86.ActiveCfg = Debug|Any CPU
		{B4B4E6BE-A991-4A78-8207-C0CBB0D4CE09}.Debug|x86.Build.0 = Debug|Any CPU
		{B4B4E6BE-A991-4A78-8207-C0CBB0D4CE09}.Release|Any CPU.ActiveCfg = Release|Any CPU
		{B4B4E6BE-A991-4A78-8207-C0CBB0D4CE09}.Release|Any CPU.Build.0 = Release|Any CPU
		{B4B4E6BE-A991-4A78-8207-C0CBB0D4CE09}.Release|x64.ActiveCfg = Release|Any CPU
		{B4B4E6BE-A991-4A78-8207-C0CBB0D4CE09}.Release|x64.Build.0 = Release|Any CPU
		{B4B4E6BE-A991-4A78-8207-C0CBB0D4CE09}.Release|x86.ActiveCfg = Release|Any CPU
		{B4B4E6BE-A991-4A78-8207-C0CBB0D4CE09}.Release|x86.Build.0 = Release|Any CPU
		{B4B4E6BE-A991-4A78-8207-C0CBB0D4CE09}.ReleaseStrip|Any CPU.ActiveCfg = Release|Any CPU
		{B4B4E6BE-A991-4A78-8207-C0CBB0D4CE09}.ReleaseStrip|Any CPU.Build.0 = Release|Any CPU
		{B4B4E6BE-A991-4A78-8207-C0CBB0D4CE09}.ReleaseStrip|x64.ActiveCfg = Release|Any CPU
		{B4B4E6BE-A991-4A78-8207-C0CBB0D4CE09}.ReleaseStrip|x64.Build.0 = Release|Any CPU
		{B4B4E6BE-A991-4A78-8207-C0CBB0D4CE09}.ReleaseStrip|x86.ActiveCfg = Release|Any CPU
		{B4B4E6BE-A991-4A78-8207-C0CBB0D4CE09}.ReleaseStrip|x86.Build.0 = Release|Any CPU
		{B4B4E6BE-A991-4A78-8207-C0CBB0D4CE09}.ReleaseStripNoProfiling|Any CPU.ActiveCfg = Release|Any CPU
		{B4B4E6BE-A991-4A78-8207-C0CBB0D4CE09}.ReleaseStripNoProfiling|Any CPU.Build.0 = Release|Any CPU
		{B4B4E6BE-A991-4A78-8207-C0CBB0D4CE09}.ReleaseStripNoProfiling|x64.ActiveCfg = Release|Any CPU
		{B4B4E6BE-A991-4A78-8207-C0CBB0D4CE09}.ReleaseStripNoProfiling|x64.Build.0 = Release|Any CPU
		{B4B4E6BE-A991-4A78-8207-C0CBB0D4CE09}.ReleaseStripNoProfiling|x86.ActiveCfg = Release|Any CPU
		{B4B4E6BE-A991-4A78-8207-C0CBB0D4CE09}.ReleaseStripNoProfiling|x86.Build.0 = Release|Any CPU
		{400634CF-DE5F-4733-9B0C-5064378B885D}.Debug|Any CPU.ActiveCfg = Debug|Any CPU
		{400634CF-DE5F-4733-9B0C-5064378B885D}.Debug|Any CPU.Build.0 = Debug|Any CPU
		{400634CF-DE5F-4733-9B0C-5064378B885D}.Debug|x64.ActiveCfg = Debug|Any CPU
		{400634CF-DE5F-4733-9B0C-5064378B885D}.Debug|x64.Build.0 = Debug|Any CPU
		{400634CF-DE5F-4733-9B0C-5064378B885D}.Debug|x86.ActiveCfg = Debug|Any CPU
		{400634CF-DE5F-4733-9B0C-5064378B885D}.Debug|x86.Build.0 = Debug|Any CPU
		{400634CF-DE5F-4733-9B0C-5064378B885D}.Release|Any CPU.ActiveCfg = Release|Any CPU
		{400634CF-DE5F-4733-9B0C-5064378B885D}.Release|Any CPU.Build.0 = Release|Any CPU
		{400634CF-DE5F-4733-9B0C-5064378B885D}.Release|x64.ActiveCfg = Release|Any CPU
		{400634CF-DE5F-4733-9B0C-5064378B885D}.Release|x64.Build.0 = Release|Any CPU
		{400634CF-DE5F-4733-9B0C-5064378B885D}.Release|x86.ActiveCfg = Release|Any CPU
		{400634CF-DE5F-4733-9B0C-5064378B885D}.Release|x86.Build.0 = Release|Any CPU
		{400634CF-DE5F-4733-9B0C-5064378B885D}.ReleaseStrip|Any CPU.ActiveCfg = Release|Any CPU
		{400634CF-DE5F-4733-9B0C-5064378B885D}.ReleaseStrip|Any CPU.Build.0 = Release|Any CPU
		{400634CF-DE5F-4733-9B0C-5064378B885D}.ReleaseStrip|x64.ActiveCfg = Release|Any CPU
		{400634CF-DE5F-4733-9B0C-5064378B885D}.ReleaseStrip|x64.Build.0 = Release|Any CPU
		{400634CF-DE5F-4733-9B0C-5064378B885D}.ReleaseStrip|x86.ActiveCfg = Release|Any CPU
		{400634CF-DE5F-4733-9B0C-5064378B885D}.ReleaseStrip|x86.Build.0 = Release|Any CPU
		{400634CF-DE5F-4733-9B0C-5064378B885D}.ReleaseStripNoProfiling|Any CPU.ActiveCfg = Release|Any CPU
		{400634CF-DE5F-4733-9B0C-5064378B885D}.ReleaseStripNoProfiling|Any CPU.Build.0 = Release|Any CPU
		{400634CF-DE5F-4733-9B0C-5064378B885D}.ReleaseStripNoProfiling|x64.ActiveCfg = Release|Any CPU
		{400634CF-DE5F-4733-9B0C-5064378B885D}.ReleaseStripNoProfiling|x64.Build.0 = Release|Any CPU
		{400634CF-DE5F-4733-9B0C-5064378B885D}.ReleaseStripNoProfiling|x86.ActiveCfg = Release|Any CPU
		{400634CF-DE5F-4733-9B0C-5064378B885D}.ReleaseStripNoProfiling|x86.Build.0 = Release|Any CPU
		{89BA968F-36DB-4695-999D-13C5D70A4BAC}.Debug|Any CPU.ActiveCfg = Debug|Any CPU
		{89BA968F-36DB-4695-999D-13C5D70A4BAC}.Debug|Any CPU.Build.0 = Debug|Any CPU
		{89BA968F-36DB-4695-999D-13C5D70A4BAC}.Debug|x64.ActiveCfg = Debug|Any CPU
		{89BA968F-36DB-4695-999D-13C5D70A4BAC}.Debug|x64.Build.0 = Debug|Any CPU
		{89BA968F-36DB-4695-999D-13C5D70A4BAC}.Debug|x86.ActiveCfg = Debug|Any CPU
		{89BA968F-36DB-4695-999D-13C5D70A4BAC}.Debug|x86.Build.0 = Debug|Any CPU
		{89BA968F-36DB-4695-999D-13C5D70A4BAC}.Release|Any CPU.ActiveCfg = Release|Any CPU
		{89BA968F-36DB-4695-999D-13C5D70A4BAC}.Release|Any CPU.Build.0 = Release|Any CPU
		{89BA968F-36DB-4695-999D-13C5D70A4BAC}.Release|x64.ActiveCfg = Release|Any CPU
		{89BA968F-36DB-4695-999D-13C5D70A4BAC}.Release|x64.Build.0 = Release|Any CPU
		{89BA968F-36DB-4695-999D-13C5D70A4BAC}.Release|x86.ActiveCfg = Release|Any CPU
		{89BA968F-36DB-4695-999D-13C5D70A4BAC}.Release|x86.Build.0 = Release|Any CPU
		{89BA968F-36DB-4695-999D-13C5D70A4BAC}.ReleaseStrip|Any CPU.ActiveCfg = Release|Any CPU
		{89BA968F-36DB-4695-999D-13C5D70A4BAC}.ReleaseStrip|Any CPU.Build.0 = Release|Any CPU
		{89BA968F-36DB-4695-999D-13C5D70A4BAC}.ReleaseStrip|x64.ActiveCfg = Release|Any CPU
		{89BA968F-36DB-4695-999D-13C5D70A4BAC}.ReleaseStrip|x64.Build.0 = Release|Any CPU
		{89BA968F-36DB-4695-999D-13C5D70A4BAC}.ReleaseStrip|x86.ActiveCfg = Release|Any CPU
		{89BA968F-36DB-4695-999D-13C5D70A4BAC}.ReleaseStrip|x86.Build.0 = Release|Any CPU
		{89BA968F-36DB-4695-999D-13C5D70A4BAC}.ReleaseStripNoProfiling|Any CPU.ActiveCfg = Release|Any CPU
		{89BA968F-36DB-4695-999D-13C5D70A4BAC}.ReleaseStripNoProfiling|Any CPU.Build.0 = Release|Any CPU
		{89BA968F-36DB-4695-999D-13C5D70A4BAC}.ReleaseStripNoProfiling|x64.ActiveCfg = Release|Any CPU
		{89BA968F-36DB-4695-999D-13C5D70A4BAC}.ReleaseStripNoProfiling|x64.Build.0 = Release|Any CPU
		{89BA968F-36DB-4695-999D-13C5D70A4BAC}.ReleaseStripNoProfiling|x86.ActiveCfg = Release|Any CPU
		{89BA968F-36DB-4695-999D-13C5D70A4BAC}.ReleaseStripNoProfiling|x86.Build.0 = Release|Any CPU
	EndGlobalSection
	GlobalSection(SolutionProperties) = preSolution
		HideSolutionNode = FALSE
	EndGlobalSection
	GlobalSection(ExtensibilityGlobals) = postSolution
		SolutionGuid = {6155477F-352D-4AC4-83DB-9C42246C01CD}
	EndGlobalSection
EndGlobal
